
Microsoft Visual Studio Solution File, Format Version 12.00
# Visual Studio Version 17
VisualStudioVersion = 17.6.33815.320
MinimumVisualStudioVersion = 10.0.40219.1
Project("{9A19103F-16F7-4668-BE54-9A1E7A4F7556}") = "MSPR3", "MSPR3\MSPR3.csproj", "{F8AA7E61-7EEA-4F22-832C-CE3DA56D9451}"
EndProject
Project("{FAE04EC0-301F-11D3-BF4B-00C04F79EFBC}") = "MSPR3_TEST", "MSPR3_TEST\MSPR3_TEST.csproj", "{48492044-9234-4FA6-9DCE-964E2C4B3235}"
EndProject
Global
	GlobalSection(SolutionConfigurationPlatforms) = preSolution
		Debug|Any CPU = Debug|Any CPU
		Release|Any CPU = Release|Any CPU
	EndGlobalSection
	GlobalSection(ProjectConfigurationPlatforms) = postSolution
		{F8AA7E61-7EEA-4F22-832C-CE3DA56D9451}.Debug|Any CPU.ActiveCfg = Debug|Any CPU
		{F8AA7E61-7EEA-4F22-832C-CE3DA56D9451}.Debug|Any CPU.Build.0 = Debug|Any CPU
		{F8AA7E61-7EEA-4F22-832C-CE3DA56D9451}.Release|Any CPU.ActiveCfg = Release|Any CPU
		{F8AA7E61-7EEA-4F22-832C-CE3DA56D9451}.Release|Any CPU.Build.0 = Release|Any CPU
		{48492044-9234-4FA6-9DCE-964E2C4B3235}.Debug|Any CPU.ActiveCfg = Debug|Any CPU
		{48492044-9234-4FA6-9DCE-964E2C4B3235}.Debug|Any CPU.Build.0 = Debug|Any CPU
		{48492044-9234-4FA6-9DCE-964E2C4B3235}.Release|Any CPU.ActiveCfg = Release|Any CPU
		{48492044-9234-4FA6-9DCE-964E2C4B3235}.Release|Any CPU.Build.0 = Release|Any CPU
	EndGlobalSection
	GlobalSection(SolutionProperties) = preSolution
		HideSolutionNode = FALSE
	EndGlobalSection
	GlobalSection(ExtensibilityGlobals) = postSolution
		SolutionGuid = {9D7920BE-55AC-43F2-94A0-F6186B5C0E72}
	EndGlobalSection
EndGlobal
